
Microsoft Visual Studio Solution File, Format Version 12.00
# Visual Studio Version 16
VisualStudioVersion = 16.0.29709.97
MinimumVisualStudioVersion = 10.0.40219.1
Project("{9A19103F-16F7-4668-BE54-9A1E7A4F7556}") = "Access KeyVault Secrets", "Access KeyVault Secrets\Access KeyVault Secrets.csproj", "{21FE8DDD-33DA-46E1-83EA-D3077FB7E50D}"
EndProject
Global
	GlobalSection(SolutionConfigurationPlatforms) = preSolution
		Debug|Any CPU = Debug|Any CPU
		Release|Any CPU = Release|Any CPU
	EndGlobalSection
	GlobalSection(ProjectConfigurationPlatforms) = postSolution
		{21FE8DDD-33DA-46E1-83EA-D3077FB7E50D}.Debug|Any CPU.ActiveCfg = Debug|Any CPU
		{21FE8DDD-33DA-46E1-83EA-D3077FB7E50D}.Debug|Any CPU.Build.0 = Debug|Any CPU
		{21FE8DDD-33DA-46E1-83EA-D3077FB7E50D}.Release|Any CPU.ActiveCfg = Release|Any CPU
		{21FE8DDD-33DA-46E1-83EA-D3077FB7E50D}.Release|Any CPU.Build.0 = Release|Any CPU
	EndGlobalSection
	GlobalSection(SolutionProperties) = preSolution
		HideSolutionNode = FALSE
	EndGlobalSection
	GlobalSection(ExtensibilityGlobals) = postSolution
		SolutionGuid = {A6968A07-2899-4895-9BE2-B5EA4C3D0FCF}
	EndGlobalSection
	GlobalSection(TeamFoundationVersionControl) = preSolution
		SccNumberOfProjects = 2
		SccEnterpriseProvider = {4CA58AB2-18FA-4F8D-95D4-32DDF27D184C}
		SccTeamFoundationServer = http://vie1tfs3/therefore
		SccLocalPath0 = .
		SccProjectUniqueName1 = Access\u0020KeyVault\u0020Secrets\\Access\u0020KeyVault\u0020Secrets.csproj
		SccProjectName1 = Access\u0020KeyVault\u0020Secrets
		SccLocalPath1 = Access\u0020KeyVault\u0020Secrets
	EndGlobalSection
EndGlobal
