
Microsoft Visual Studio Solution File, Format Version 12.00
# Visual Studio Version 16
VisualStudioVersion = 16.0.31605.320
MinimumVisualStudioVersion = 10.0.40219.1
Project("{2150E333-8FDC-42A3-9474-1A3956D46DE8}") = "AddIns", "AddIns", "{349D69E1-F605-425D-8F17-6F9A6FA39FF9}"
EndProject
Project("{2150E333-8FDC-42A3-9474-1A3956D46DE8}") = "Advanced", "Advanced", "{09CE1565-EE86-468B-98C1-2B2305BAC028}"
EndProject
Project("{2150E333-8FDC-42A3-9474-1A3956D46DE8}") = "Workflow DLL", "Workflow DLL", "{25737151-F0FF-4D98-BDC9-9F0C500BFA92}"
EndProject
Project("{F184B08F-C81C-45F6-A57F-5ABD9991F28F}") = "Documents", "Documents\Documents.vbproj", "{9EAACDE9-8B01-488C-A748-B5F2BC8C0DC0}"
EndProject
Project("{F184B08F-C81C-45F6-A57F-5ABD9991F28F}") = "IndexData", "IndexData\IndexData.vbproj", "{AF022017-A3E5-4FD0-906B-F75E49CDF728}"
EndProject
Project("{F184B08F-C81C-45F6-A57F-5ABD9991F28F}") = "MultiQuery", "MultiQuery\MultiQuery.vbproj", "{C2B348DA-5831-4ACB-A895-EB4C4DC9BB41}"
EndProject
Project("{F184B08F-C81C-45F6-A57F-5ABD9991F28F}") = "SingleQuery", "SingleQuery\SingleQuery.vbproj", "{60AFFB55-6103-43BA-883C-DE5F7E7900BE}"
EndProject
Project("{F184B08F-C81C-45F6-A57F-5ABD9991F28F}") = "WorkflowQuery", "WorkflowQuery\WorkflowQuery.vbproj", "{7610F35A-A65B-4A54-84B0-73E3C2BB8971}"
EndProject
Project("{F184B08F-C81C-45F6-A57F-5ABD9991F28F}") = "ContextMenu", "AddIns\ContextMenu\ContextMenu.vbproj", "{47C8C30D-E058-48A5-B745-B540BECCCF1A}"
EndProject
Project("{F184B08F-C81C-45F6-A57F-5ABD9991F28F}") = "DocumentEvents", "AddIns\DocumentEvents\DocumentEvents.vbproj", "{250D780D-6078-4985-9AA1-A5BBAB2A51EF}"
EndProject
Project("{F184B08F-C81C-45F6-A57F-5ABD9991F28F}") = "EventLog", "AddIns\EventLog\EventLog.vbproj", "{4F6A4CB2-4CAB-4EA0-9875-62CFCD33A15B}"
EndProject
Project("{F184B08F-C81C-45F6-A57F-5ABD9991F28F}") = "FieldEvents", "AddIns\FieldEvents\FieldEvents.vbproj", "{F46BCEB0-1F09-4153-AEC9-CD151C633374}"
EndProject
Project("{F184B08F-C81C-45F6-A57F-5ABD9991F28F}") = "MainMenu", "AddIns\MainMenu\MainMenu.vbproj", "{F5416C44-5253-46E5-8CD1-3F3F55EEAD7D}"
EndProject
Project("{F184B08F-C81C-45F6-A57F-5ABD9991F28F}") = "MouseEvents", "AddIns\MouseEvents\MouseEvents.vbproj", "{34775413-EE21-4B07-BE0C-0815CB975A4D}"
EndProject
Project("{F184B08F-C81C-45F6-A57F-5ABD9991F28F}") = "QueryEvents", "AddIns\QueryEvents\QueryEvents.vbproj", "{F42C82ED-320F-49D4-A2D2-2241F6DD1DE1}"
EndProject
Project("{F184B08F-C81C-45F6-A57F-5ABD9991F28F}") = "RegularExpressions", "AddIns\RegularExpressions\RegularExpressions.vbproj", "{5B4AEC14-161F-42F3-A00E-7D1A55C9FF6B}"
EndProject
Project("{F184B08F-C81C-45F6-A57F-5ABD9991F28F}") = "CustomWFForm", "AddIns\CustomWFForm\CustomWFForm.vbproj", "{C28D3AAA-5CCF-4D46-92F9-8CDBA1BB1055}"
EndProject
Project("{F184B08F-C81C-45F6-A57F-5ABD9991F28F}") = "ArchiveDocuments", "Advanced\ArchiveDocuments\ArchiveDocuments.vbproj", "{0A0D6415-DCE5-4B1B-9D4C-A3D44F19FE11}"
EndProject
Project("{F184B08F-C81C-45F6-A57F-5ABD9991F28F}") = "DocumentOperations", "Advanced\DocumentOperations\DocumentOperations.vbproj", "{22E1AD5D-3C0B-4180-A6FD-2C24530885E6}"
EndProject
Project("{F184B08F-C81C-45F6-A57F-5ABD9991F28F}") = "FullTextQuery", "Advanced\FullTextQuery\FullTextQuery.vbproj", "{9126D2BC-3502-4B35-8388-C485BE61E5BC}"
EndProject
Project("{F184B08F-C81C-45F6-A57F-5ABD9991F28F}") = "Query", "Advanced\Query\Query.vbproj", "{DE542542-760A-43A4-B793-6D0E820006DE}"
EndProject
Project("{F184B08F-C81C-45F6-A57F-5ABD9991F28F}") = "ServiceSample", "Advanced\ServiceSample\ServiceSample.vbproj", "{BAAB58DE-C198-4E0F-81E5-7403F1ABC7C9}"
EndProject
Project("{F184B08F-C81C-45F6-A57F-5ABD9991F28F}") = "WebSample", "Advanced\WebSample\WebSample.vbproj", "{D91AA30E-CCAA-4D37-AF42-AFE7BF813B96}"
EndProject
Project("{F184B08F-C81C-45F6-A57F-5ABD9991F28F}") = "WFExtractFiles", "Workflow DLL\WFExtractFiles\WFExtractFiles.vbproj", "{A7D895FD-EC71-466E-95FD-7F52037D02DE}"
EndProject
Project("{F184B08F-C81C-45F6-A57F-5ABD9991F28F}") = "Capture", "Advanced\Capture\Capture.vbproj", "{1C434EFF-A697-4EEF-9E2F-7F196BF81DEC}"
EndProject
Project("{F184B08F-C81C-45F6-A57F-5ABD9991F28F}") = "NavigatorFind", "Advanced\NavigatorFind\NavigatorFind.vbproj", "{AB8491B5-7B2F-45D9-B97B-755EF5973519}"
EndProject
Project("{F184B08F-C81C-45F6-A57F-5ABD9991F28F}") = "ThereforeRightsServer", "ThereforeRightsServer\ThereforeRightsServer.vbproj", "{C0DBBD46-BEEB-4979-A4FB-D719F7696251}"
EndProject
Project("{F184B08F-C81C-45F6-A57F-5ABD9991F28F}") = "Tasks", "Advanced\Tasks\Tasks.vbproj", "{8E5DCF69-B4BC-4D39-B8FA-61498F5B040C}"
EndProject
Project("{F184B08F-C81C-45F6-A57F-5ABD9991F28F}") = "CaseManagement", "CaseManagement\CaseManagement.vbproj", "{47065E83-8554-4FDD-8CE7-B6FD57BEE6F3}"
EndProject
Project("{F184B08F-C81C-45F6-A57F-5ABD9991F28F}") = "AccessMask", "Advanced\AccessMask\AccessMask.vbproj", "{FCA2DFDD-F622-48D4-818C-148C889E46D8}"
EndProject
Project("{F184B08F-C81C-45F6-A57F-5ABD9991F28F}") = "AsynchronousQuery", "Advanced\AsynchronousQuery\AsynchronousQuery.vbproj", "{E911A36E-6548-4F01-BEAF-4FE1CBDA0C8F}"
EndProject
Project("{F184B08F-C81C-45F6-A57F-5ABD9991F28F}") = "KeywordDictionaries", "KeywordDictionaries\KeywordDictionaries.vbproj", "{D81556C4-B97F-4F08-AEEC-6B25F57465C3}"
EndProject
Project("{F184B08F-C81C-45F6-A57F-5ABD9991F28F}") = "CategoryDesigner", "Advanced\CategoryDesigner\CategoryDesigner.vbproj", "{F9648499-9049-4138-818C-DF45E6B26B14}"
EndProject
Project("{F184B08F-C81C-45F6-A57F-5ABD9991F28F}") = "RoleBasedSecurity", "RoleBasedSecurity\RoleBasedSecurity.vbproj", "{F3F76922-03CD-4A76-9934-F2766680BD42}"
EndProject
Global
	GlobalSection(SolutionConfigurationPlatforms) = preSolution
		Debug|Any CPU = Debug|Any CPU
		Release|Any CPU = Release|Any CPU
	EndGlobalSection
	GlobalSection(ProjectConfigurationPlatforms) = postSolution
		{9EAACDE9-8B01-488C-A748-B5F2BC8C0DC0}.Debug|Any CPU.ActiveCfg = Debug|Any CPU
		{9EAACDE9-8B01-488C-A748-B5F2BC8C0DC0}.Debug|Any CPU.Build.0 = Debug|Any CPU
		{9EAACDE9-8B01-488C-A748-B5F2BC8C0DC0}.Release|Any CPU.ActiveCfg = Release|Any CPU
		{9EAACDE9-8B01-488C-A748-B5F2BC8C0DC0}.Release|Any CPU.Build.0 = Release|Any CPU
		{AF022017-A3E5-4FD0-906B-F75E49CDF728}.Debug|Any CPU.ActiveCfg = Debug|Any CPU
		{AF022017-A3E5-4FD0-906B-F75E49CDF728}.Debug|Any CPU.Build.0 = Debug|Any CPU
		{AF022017-A3E5-4FD0-906B-F75E49CDF728}.Release|Any CPU.ActiveCfg = Release|Any CPU
		{AF022017-A3E5-4FD0-906B-F75E49CDF728}.Release|Any CPU.Build.0 = Release|Any CPU
		{C2B348DA-5831-4ACB-A895-EB4C4DC9BB41}.Debug|Any CPU.ActiveCfg = Debug|Any CPU
		{C2B348DA-5831-4ACB-A895-EB4C4DC9BB41}.Debug|Any CPU.Build.0 = Debug|Any CPU
		{C2B348DA-5831-4ACB-A895-EB4C4DC9BB41}.Release|Any CPU.ActiveCfg = Release|Any CPU
		{C2B348DA-5831-4ACB-A895-EB4C4DC9BB41}.Release|Any CPU.Build.0 = Release|Any CPU
		{60AFFB55-6103-43BA-883C-DE5F7E7900BE}.Debug|Any CPU.ActiveCfg = Debug|Any CPU
		{60AFFB55-6103-43BA-883C-DE5F7E7900BE}.Debug|Any CPU.Build.0 = Debug|Any CPU
		{60AFFB55-6103-43BA-883C-DE5F7E7900BE}.Release|Any CPU.ActiveCfg = Release|Any CPU
		{60AFFB55-6103-43BA-883C-DE5F7E7900BE}.Release|Any CPU.Build.0 = Release|Any CPU
		{7610F35A-A65B-4A54-84B0-73E3C2BB8971}.Debug|Any CPU.ActiveCfg = Debug|Any CPU
		{7610F35A-A65B-4A54-84B0-73E3C2BB8971}.Debug|Any CPU.Build.0 = Debug|Any CPU
		{7610F35A-A65B-4A54-84B0-73E3C2BB8971}.Release|Any CPU.ActiveCfg = Release|Any CPU
		{7610F35A-A65B-4A54-84B0-73E3C2BB8971}.Release|Any CPU.Build.0 = Release|Any CPU
		{47C8C30D-E058-48A5-B745-B540BECCCF1A}.Debug|Any CPU.ActiveCfg = Debug|Any CPU
		{47C8C30D-E058-48A5-B745-B540BECCCF1A}.Debug|Any CPU.Build.0 = Debug|Any CPU
		{47C8C30D-E058-48A5-B745-B540BECCCF1A}.Release|Any CPU.ActiveCfg = Release|Any CPU
		{47C8C30D-E058-48A5-B745-B540BECCCF1A}.Release|Any CPU.Build.0 = Release|Any CPU
		{250D780D-6078-4985-9AA1-A5BBAB2A51EF}.Debug|Any CPU.ActiveCfg = Debug|Any CPU
		{250D780D-6078-4985-9AA1-A5BBAB2A51EF}.Debug|Any CPU.Build.0 = Debug|Any CPU
		{250D780D-6078-4985-9AA1-A5BBAB2A51EF}.Release|Any CPU.ActiveCfg = Release|Any CPU
		{250D780D-6078-4985-9AA1-A5BBAB2A51EF}.Release|Any CPU.Build.0 = Release|Any CPU
		{4F6A4CB2-4CAB-4EA0-9875-62CFCD33A15B}.Debug|Any CPU.ActiveCfg = Debug|Any CPU
		{4F6A4CB2-4CAB-4EA0-9875-62CFCD33A15B}.Debug|Any CPU.Build.0 = Debug|Any CPU
		{4F6A4CB2-4CAB-4EA0-9875-62CFCD33A15B}.Release|Any CPU.ActiveCfg = Release|Any CPU
		{4F6A4CB2-4CAB-4EA0-9875-62CFCD33A15B}.Release|Any CPU.Build.0 = Release|Any CPU
		{F46BCEB0-1F09-4153-AEC9-CD151C633374}.Debug|Any CPU.ActiveCfg = Debug|Any CPU
		{F46BCEB0-1F09-4153-AEC9-CD151C633374}.Debug|Any CPU.Build.0 = Debug|Any CPU
		{F46BCEB0-1F09-4153-AEC9-CD151C633374}.Release|Any CPU.ActiveCfg = Release|Any CPU
		{F46BCEB0-1F09-4153-AEC9-CD151C633374}.Release|Any CPU.Build.0 = Release|Any CPU
		{F5416C44-5253-46E5-8CD1-3F3F55EEAD7D}.Debug|Any CPU.ActiveCfg = Debug|Any CPU
		{F5416C44-5253-46E5-8CD1-3F3F55EEAD7D}.Debug|Any CPU.Build.0 = Debug|Any CPU
		{F5416C44-5253-46E5-8CD1-3F3F55EEAD7D}.Release|Any CPU.ActiveCfg = Release|Any CPU
		{F5416C44-5253-46E5-8CD1-3F3F55EEAD7D}.Release|Any CPU.Build.0 = Release|Any CPU
		{34775413-EE21-4B07-BE0C-0815CB975A4D}.Debug|Any CPU.ActiveCfg = Debug|Any CPU
		{34775413-EE21-4B07-BE0C-0815CB975A4D}.Debug|Any CPU.Build.0 = Debug|Any CPU
		{34775413-EE21-4B07-BE0C-0815CB975A4D}.Release|Any CPU.ActiveCfg = Release|Any CPU
		{34775413-EE21-4B07-BE0C-0815CB975A4D}.Release|Any CPU.Build.0 = Release|Any CPU
		{F42C82ED-320F-49D4-A2D2-2241F6DD1DE1}.Debug|Any CPU.ActiveCfg = Debug|Any CPU
		{F42C82ED-320F-49D4-A2D2-2241F6DD1DE1}.Debug|Any CPU.Build.0 = Debug|Any CPU
		{F42C82ED-320F-49D4-A2D2-2241F6DD1DE1}.Release|Any CPU.ActiveCfg = Release|Any CPU
		{F42C82ED-320F-49D4-A2D2-2241F6DD1DE1}.Release|Any CPU.Build.0 = Release|Any CPU
		{5B4AEC14-161F-42F3-A00E-7D1A55C9FF6B}.Debug|Any CPU.ActiveCfg = Debug|Any CPU
		{5B4AEC14-161F-42F3-A00E-7D1A55C9FF6B}.Debug|Any CPU.Build.0 = Debug|Any CPU
		{5B4AEC14-161F-42F3-A00E-7D1A55C9FF6B}.Release|Any CPU.ActiveCfg = Release|Any CPU
		{5B4AEC14-161F-42F3-A00E-7D1A55C9FF6B}.Release|Any CPU.Build.0 = Release|Any CPU
		{C28D3AAA-5CCF-4D46-92F9-8CDBA1BB1055}.Debug|Any CPU.ActiveCfg = Debug|Any CPU
		{C28D3AAA-5CCF-4D46-92F9-8CDBA1BB1055}.Debug|Any CPU.Build.0 = Debug|Any CPU
		{C28D3AAA-5CCF-4D46-92F9-8CDBA1BB1055}.Release|Any CPU.ActiveCfg = Release|Any CPU
		{C28D3AAA-5CCF-4D46-92F9-8CDBA1BB1055}.Release|Any CPU.Build.0 = Release|Any CPU
		{0A0D6415-DCE5-4B1B-9D4C-A3D44F19FE11}.Debug|Any CPU.ActiveCfg = Debug|Any CPU
		{0A0D6415-DCE5-4B1B-9D4C-A3D44F19FE11}.Debug|Any CPU.Build.0 = Debug|Any CPU
		{0A0D6415-DCE5-4B1B-9D4C-A3D44F19FE11}.Release|Any CPU.ActiveCfg = Release|Any CPU
		{0A0D6415-DCE5-4B1B-9D4C-A3D44F19FE11}.Release|Any CPU.Build.0 = Release|Any CPU
		{22E1AD5D-3C0B-4180-A6FD-2C24530885E6}.Debug|Any CPU.ActiveCfg = Debug|Any CPU
		{22E1AD5D-3C0B-4180-A6FD-2C24530885E6}.Debug|Any CPU.Build.0 = Debug|Any CPU
		{22E1AD5D-3C0B-4180-A6FD-2C24530885E6}.Release|Any CPU.ActiveCfg = Release|Any CPU
		{22E1AD5D-3C0B-4180-A6FD-2C24530885E6}.Release|Any CPU.Build.0 = Release|Any CPU
		{9126D2BC-3502-4B35-8388-C485BE61E5BC}.Debug|Any CPU.ActiveCfg = Debug|Any CPU
		{9126D2BC-3502-4B35-8388-C485BE61E5BC}.Debug|Any CPU.Build.0 = Debug|Any CPU
		{9126D2BC-3502-4B35-8388-C485BE61E5BC}.Release|Any CPU.ActiveCfg = Release|Any CPU
		{9126D2BC-3502-4B35-8388-C485BE61E5BC}.Release|Any CPU.Build.0 = Release|Any CPU
		{DE542542-760A-43A4-B793-6D0E820006DE}.Debug|Any CPU.ActiveCfg = Debug|Any CPU
		{DE542542-760A-43A4-B793-6D0E820006DE}.Debug|Any CPU.Build.0 = Debug|Any CPU
		{DE542542-760A-43A4-B793-6D0E820006DE}.Release|Any CPU.ActiveCfg = Release|Any CPU
		{DE542542-760A-43A4-B793-6D0E820006DE}.Release|Any CPU.Build.0 = Release|Any CPU
		{BAAB58DE-C198-4E0F-81E5-7403F1ABC7C9}.Debug|Any CPU.ActiveCfg = Debug|Any CPU
		{BAAB58DE-C198-4E0F-81E5-7403F1ABC7C9}.Debug|Any CPU.Build.0 = Debug|Any CPU
		{BAAB58DE-C198-4E0F-81E5-7403F1ABC7C9}.Release|Any CPU.ActiveCfg = Release|Any CPU
		{BAAB58DE-C198-4E0F-81E5-7403F1ABC7C9}.Release|Any CPU.Build.0 = Release|Any CPU
		{D91AA30E-CCAA-4D37-AF42-AFE7BF813B96}.Debug|Any CPU.ActiveCfg = Debug|Any CPU
		{D91AA30E-CCAA-4D37-AF42-AFE7BF813B96}.Debug|Any CPU.Build.0 = Debug|Any CPU
		{D91AA30E-CCAA-4D37-AF42-AFE7BF813B96}.Release|Any CPU.ActiveCfg = Release|Any CPU
		{D91AA30E-CCAA-4D37-AF42-AFE7BF813B96}.Release|Any CPU.Build.0 = Release|Any CPU
		{A7D895FD-EC71-466E-95FD-7F52037D02DE}.Debug|Any CPU.ActiveCfg = Debug|Any CPU
		{A7D895FD-EC71-466E-95FD-7F52037D02DE}.Debug|Any CPU.Build.0 = Debug|Any CPU
		{A7D895FD-EC71-466E-95FD-7F52037D02DE}.Release|Any CPU.ActiveCfg = Release|Any CPU
		{A7D895FD-EC71-466E-95FD-7F52037D02DE}.Release|Any CPU.Build.0 = Release|Any CPU
		{1C434EFF-A697-4EEF-9E2F-7F196BF81DEC}.Debug|Any CPU.ActiveCfg = Debug|Any CPU
		{1C434EFF-A697-4EEF-9E2F-7F196BF81DEC}.Debug|Any CPU.Build.0 = Debug|Any CPU
		{1C434EFF-A697-4EEF-9E2F-7F196BF81DEC}.Release|Any CPU.ActiveCfg = Release|Any CPU
		{1C434EFF-A697-4EEF-9E2F-7F196BF81DEC}.Release|Any CPU.Build.0 = Release|Any CPU
		{AB8491B5-7B2F-45D9-B97B-755EF5973519}.Debug|Any CPU.ActiveCfg = Debug|Any CPU
		{AB8491B5-7B2F-45D9-B97B-755EF5973519}.Debug|Any CPU.Build.0 = Debug|Any CPU
		{AB8491B5-7B2F-45D9-B97B-755EF5973519}.Release|Any CPU.ActiveCfg = Release|Any CPU
		{AB8491B5-7B2F-45D9-B97B-755EF5973519}.Release|Any CPU.Build.0 = Release|Any CPU
		{C0DBBD46-BEEB-4979-A4FB-D719F7696251}.Debug|Any CPU.ActiveCfg = Debug|Any CPU
		{C0DBBD46-BEEB-4979-A4FB-D719F7696251}.Debug|Any CPU.Build.0 = Debug|Any CPU
		{C0DBBD46-BEEB-4979-A4FB-D719F7696251}.Release|Any CPU.ActiveCfg = Release|Any CPU
		{C0DBBD46-BEEB-4979-A4FB-D719F7696251}.Release|Any CPU.Build.0 = Release|Any CPU
		{8E5DCF69-B4BC-4D39-B8FA-61498F5B040C}.Debug|Any CPU.ActiveCfg = Debug|Any CPU
		{8E5DCF69-B4BC-4D39-B8FA-61498F5B040C}.Debug|Any CPU.Build.0 = Debug|Any CPU
		{8E5DCF69-B4BC-4D39-B8FA-61498F5B040C}.Release|Any CPU.ActiveCfg = Release|Any CPU
		{8E5DCF69-B4BC-4D39-B8FA-61498F5B040C}.Release|Any CPU.Build.0 = Release|Any CPU
		{47065E83-8554-4FDD-8CE7-B6FD57BEE6F3}.Debug|Any CPU.ActiveCfg = Debug|x86
		{47065E83-8554-4FDD-8CE7-B6FD57BEE6F3}.Debug|Any CPU.Build.0 = Debug|x86
		{47065E83-8554-4FDD-8CE7-B6FD57BEE6F3}.Release|Any CPU.ActiveCfg = Release|x86
		{FCA2DFDD-F622-48D4-818C-148C889E46D8}.Debug|Any CPU.ActiveCfg = Debug|x86
		{FCA2DFDD-F622-48D4-818C-148C889E46D8}.Debug|Any CPU.Build.0 = Debug|x86
		{FCA2DFDD-F622-48D4-818C-148C889E46D8}.Release|Any CPU.ActiveCfg = Release|x86
		{E911A36E-6548-4F01-BEAF-4FE1CBDA0C8F}.Debug|Any CPU.ActiveCfg = Debug|x86
		{E911A36E-6548-4F01-BEAF-4FE1CBDA0C8F}.Debug|Any CPU.Build.0 = Debug|x86
		{E911A36E-6548-4F01-BEAF-4FE1CBDA0C8F}.Release|Any CPU.ActiveCfg = Release|x86
		{D81556C4-B97F-4F08-AEEC-6B25F57465C3}.Debug|Any CPU.ActiveCfg = Debug|x86
		{D81556C4-B97F-4F08-AEEC-6B25F57465C3}.Debug|Any CPU.Build.0 = Debug|x86
		{D81556C4-B97F-4F08-AEEC-6B25F57465C3}.Release|Any CPU.ActiveCfg = Release|x86
		{F9648499-9049-4138-818C-DF45E6B26B14}.Debug|Any CPU.ActiveCfg = Debug|x86
		{F9648499-9049-4138-818C-DF45E6B26B14}.Debug|Any CPU.Build.0 = Debug|x86
		{F9648499-9049-4138-818C-DF45E6B26B14}.Release|Any CPU.ActiveCfg = Release|x86
		{F3F76922-03CD-4A76-9934-F2766680BD42}.Debug|Any CPU.ActiveCfg = Debug|Any CPU
		{F3F76922-03CD-4A76-9934-F2766680BD42}.Debug|Any CPU.Build.0 = Debug|Any CPU
		{F3F76922-03CD-4A76-9934-F2766680BD42}.Release|Any CPU.ActiveCfg = Release|Any CPU
		{F3F76922-03CD-4A76-9934-F2766680BD42}.Release|Any CPU.Build.0 = Release|Any CPU
	EndGlobalSection
	GlobalSection(SolutionProperties) = preSolution
		HideSolutionNode = FALSE
	EndGlobalSection
	GlobalSection(NestedProjects) = preSolution
		{47C8C30D-E058-48A5-B745-B540BECCCF1A} = {349D69E1-F605-425D-8F17-6F9A6FA39FF9}
		{250D780D-6078-4985-9AA1-A5BBAB2A51EF} = {349D69E1-F605-425D-8F17-6F9A6FA39FF9}
		{4F6A4CB2-4CAB-4EA0-9875-62CFCD33A15B} = {349D69E1-F605-425D-8F17-6F9A6FA39FF9}
		{F46BCEB0-1F09-4153-AEC9-CD151C633374} = {349D69E1-F605-425D-8F17-6F9A6FA39FF9}
		{F5416C44-5253-46E5-8CD1-3F3F55EEAD7D} = {349D69E1-F605-425D-8F17-6F9A6FA39FF9}
		{34775413-EE21-4B07-BE0C-0815CB975A4D} = {349D69E1-F605-425D-8F17-6F9A6FA39FF9}
		{F42C82ED-320F-49D4-A2D2-2241F6DD1DE1} = {349D69E1-F605-425D-8F17-6F9A6FA39FF9}
		{5B4AEC14-161F-42F3-A00E-7D1A55C9FF6B} = {349D69E1-F605-425D-8F17-6F9A6FA39FF9}
		{C28D3AAA-5CCF-4D46-92F9-8CDBA1BB1055} = {349D69E1-F605-425D-8F17-6F9A6FA39FF9}
		{0A0D6415-DCE5-4B1B-9D4C-A3D44F19FE11} = {09CE1565-EE86-468B-98C1-2B2305BAC028}
		{22E1AD5D-3C0B-4180-A6FD-2C24530885E6} = {09CE1565-EE86-468B-98C1-2B2305BAC028}
		{9126D2BC-3502-4B35-8388-C485BE61E5BC} = {09CE1565-EE86-468B-98C1-2B2305BAC028}
		{DE542542-760A-43A4-B793-6D0E820006DE} = {09CE1565-EE86-468B-98C1-2B2305BAC028}
		{BAAB58DE-C198-4E0F-81E5-7403F1ABC7C9} = {09CE1565-EE86-468B-98C1-2B2305BAC028}
		{D91AA30E-CCAA-4D37-AF42-AFE7BF813B96} = {09CE1565-EE86-468B-98C1-2B2305BAC028}
		{A7D895FD-EC71-466E-95FD-7F52037D02DE} = {25737151-F0FF-4D98-BDC9-9F0C500BFA92}
		{1C434EFF-A697-4EEF-9E2F-7F196BF81DEC} = {09CE1565-EE86-468B-98C1-2B2305BAC028}
		{AB8491B5-7B2F-45D9-B97B-755EF5973519} = {09CE1565-EE86-468B-98C1-2B2305BAC028}
		{8E5DCF69-B4BC-4D39-B8FA-61498F5B040C} = {09CE1565-EE86-468B-98C1-2B2305BAC028}
		{FCA2DFDD-F622-48D4-818C-148C889E46D8} = {09CE1565-EE86-468B-98C1-2B2305BAC028}
		{E911A36E-6548-4F01-BEAF-4FE1CBDA0C8F} = {09CE1565-EE86-468B-98C1-2B2305BAC028}
		{F9648499-9049-4138-818C-DF45E6B26B14} = {09CE1565-EE86-468B-98C1-2B2305BAC028}
	EndGlobalSection
	GlobalSection(ExtensibilityGlobals) = postSolution
		SolutionGuid = {981EB98A-EEC4-4612-8A74-BDE18A274FF7}
	EndGlobalSection
	GlobalSection(TeamFoundationVersionControl) = preSolution
		SccNumberOfProjects = 4
		SccEnterpriseProvider = {4CA58AB2-18FA-4F8D-95D4-32DDF27D184C}
		SccTeamFoundationServer = http://vie1tfs3/therefore
		SccProjectUniqueName0 = ThereforeRightsServer\\ThereforeRightsServer.vbproj
		SccProjectName0 = ThereforeRightsServer
		SccAuxPath0 = http://vie1tfs3/therefore
		SccLocalPath0 = ThereforeRightsServer
		SccProvider0 = {4CA58AB2-18FA-4F8D-95D4-32DDF27D184C}
		SccProjectUniqueName1 = CaseManagement\\CaseManagement.vbproj
		SccProjectName1 = CaseManagement
		SccAuxPath1 = http://vie1tfs3/therefore
		SccLocalPath1 = CaseManagement
		SccProvider1 = {4CA58AB2-18FA-4F8D-95D4-32DDF27D184C}
		SccProjectUniqueName2 = Advanced\\AccessMask\\AccessMask.vbproj
		SccProjectTopLevelParentUniqueName2 = ThereforeSDKSamples.sln
		SccProjectName2 = Advanced/AccessMask
		SccAuxPath2 = http://vie1tfs3/therefore
		SccLocalPath2 = Advanced\\AccessMask
		SccProvider2 = {4CA58AB2-18FA-4F8D-95D4-32DDF27D184C}
		SccProjectUniqueName3 = KeywordDictionaries\\KeywordDictionaries.vbproj
		SccProjectName3 = KeywordDictionaries
		SccAuxPath3 = http://vie1tfs3/therefore
		SccLocalPath3 = KeywordDictionaries
		SccProvider3 = {4CA58AB2-18FA-4F8D-95D4-32DDF27D184C}
	EndGlobalSection
EndGlobal
