
Microsoft Visual Studio Solution File, Format Version 12.00
# Visual Studio 15
VisualStudioVersion = 15.0.28307.539
MinimumVisualStudioVersion = 10.0.40219.1
Project("{9A19103F-16F7-4668-BE54-9A1E7A4F7556}") = "AddFileAndRerouteWF", "AddFileAndRerouteWF\AddFileAndRerouteWF.csproj", "{B47B4DBE-3535-44E8-9E0A-FBB23187685E}"
EndProject
Global
	GlobalSection(SolutionConfigurationPlatforms) = preSolution
		Debug|Any CPU = Debug|Any CPU
		Release|Any CPU = Release|Any CPU
	EndGlobalSection
	GlobalSection(ProjectConfigurationPlatforms) = postSolution
		{B47B4DBE-3535-44E8-9E0A-FBB23187685E}.Debug|Any CPU.ActiveCfg = Debug|Any CPU
		{B47B4DBE-3535-44E8-9E0A-FBB23187685E}.Debug|Any CPU.Build.0 = Debug|Any CPU
		{B47B4DBE-3535-44E8-9E0A-FBB23187685E}.Release|Any CPU.ActiveCfg = Release|Any CPU
		{B47B4DBE-3535-44E8-9E0A-FBB23187685E}.Release|Any CPU.Build.0 = Release|Any CPU
	EndGlobalSection
	GlobalSection(SolutionProperties) = preSolution
		HideSolutionNode = FALSE
	EndGlobalSection
	GlobalSection(ExtensibilityGlobals) = postSolution
		SolutionGuid = {68B471A9-33E0-4FCF-8E0B-42434B576818}
	EndGlobalSection
	GlobalSection(TeamFoundationVersionControl) = preSolution
		SccNumberOfProjects = 2
		SccEnterpriseProvider = {4CA58AB2-18FA-4F8D-95D4-32DDF27D184C}
		SccTeamFoundationServer = http://vie1tfs3/therefore
		SccLocalPath0 = .
		SccProjectUniqueName1 = AddFileAndRerouteWF\\AddFileAndRerouteWF.csproj
		SccProjectName1 = AddFileAndRerouteWF
		SccLocalPath1 = AddFileAndRerouteWF
	EndGlobalSection
EndGlobal
