
Microsoft Visual Studio Solution File, Format Version 11.00
# Visual Studio 2010
Project("{FAE04EC0-301F-11D3-BF4B-00C04F79EFBC}") = "ArchiveDocuments", "ArchiveDocuments.csproj", "{0A0D6415-DCE5-4B1B-9D4C-A3D44F19FE11}"
EndProject
Global
	GlobalSection(SolutionConfigurationPlatforms) = preSolution
		Debug|Any CPU = Debug|Any CPU
		Release|Any CPU = Release|Any CPU
	EndGlobalSection
	GlobalSection(ProjectConfigurationPlatforms) = postSolution
		{0A0D6415-DCE5-4B1B-9D4C-A3D44F19FE11}.Debug|Any CPU.ActiveCfg = Debug|Any CPU
		{0A0D6415-DCE5-4B1B-9D4C-A3D44F19FE11}.Debug|Any CPU.Build.0 = Debug|Any CPU
		{0A0D6415-DCE5-4B1B-9D4C-A3D44F19FE11}.Release|Any CPU.ActiveCfg = Release|Any CPU
		{0A0D6415-DCE5-4B1B-9D4C-A3D44F19FE11}.Release|Any CPU.Build.0 = Release|Any CPU
	EndGlobalSection
	GlobalSection(SolutionProperties) = preSolution
		HideSolutionNode = FALSE
	EndGlobalSection
EndGlobal
