
Microsoft Visual Studio Solution File, Format Version 11.00
# Visual Studio 2010
Project("{FAE04EC0-301F-11D3-BF4B-00C04F79EFBC}") = "KeywordDictionaries", "KeywordDictionaries.csproj", "{D81556C4-B97F-4F08-AEEC-6B25F57465C3}"
EndProject
Global
	GlobalSection(SolutionConfigurationPlatforms) = preSolution
		Debug|x86 = Debug|x86
		Release|x86 = Release|x86
	EndGlobalSection
	GlobalSection(ProjectConfigurationPlatforms) = postSolution
		{D81556C4-B97F-4F08-AEEC-6B25F57465C3}.Debug|x86.ActiveCfg = Debug|x86
		{D81556C4-B97F-4F08-AEEC-6B25F57465C3}.Debug|x86.Build.0 = Debug|x86
		{D81556C4-B97F-4F08-AEEC-6B25F57465C3}.Release|x86.ActiveCfg = Release|x86
		{D81556C4-B97F-4F08-AEEC-6B25F57465C3}.Release|x86.Build.0 = Release|x86
	EndGlobalSection
	GlobalSection(SolutionProperties) = preSolution
		HideSolutionNode = FALSE
	EndGlobalSection
EndGlobal
